
Microsoft Visual Studio Solution File, Format Version 12.00
# Visual Studio Version 16
VisualStudioVersion = 16.0.31205.134
MinimumVisualStudioVersion = 10.0.40219.1
Project("{9A19103F-16F7-4668-BE54-9A1E7A4F7556}") = "NetCoreWebApi", "NetCoreWebApi\NetCoreWebApi.csproj", "{7F5284BE-8D81-44C0-B769-24E3B39692A8}"
EndProject
Project("{FAE04EC0-301F-11D3-BF4B-00C04F79EFBC}") = "UI.Web", "UI.Web\UI.Web.csproj", "{8D6DFD18-F7E7-4BFB-945B-1F8372F4B765}"
EndProject
Global
	GlobalSection(SolutionConfigurationPlatforms) = preSolution
		Debug|Any CPU = Debug|Any CPU
		Release|Any CPU = Release|Any CPU
	EndGlobalSection
	GlobalSection(ProjectConfigurationPlatforms) = postSolution
		{7F5284BE-8D81-44C0-B769-24E3B39692A8}.Debug|Any CPU.ActiveCfg = Debug|Any CPU
		{7F5284BE-8D81-44C0-B769-24E3B39692A8}.Debug|Any CPU.Build.0 = Debug|Any CPU
		{7F5284BE-8D81-44C0-B769-24E3B39692A8}.Release|Any CPU.ActiveCfg = Release|Any CPU
		{7F5284BE-8D81-44C0-B769-24E3B39692A8}.Release|Any CPU.Build.0 = Release|Any CPU
		{8D6DFD18-F7E7-4BFB-945B-1F8372F4B765}.Debug|Any CPU.ActiveCfg = Debug|Any CPU
		{8D6DFD18-F7E7-4BFB-945B-1F8372F4B765}.Debug|Any CPU.Build.0 = Debug|Any CPU
		{8D6DFD18-F7E7-4BFB-945B-1F8372F4B765}.Release|Any CPU.ActiveCfg = Release|Any CPU
		{8D6DFD18-F7E7-4BFB-945B-1F8372F4B765}.Release|Any CPU.Build.0 = Release|Any CPU
	EndGlobalSection
	GlobalSection(SolutionProperties) = preSolution
		HideSolutionNode = FALSE
	EndGlobalSection
	GlobalSection(ExtensibilityGlobals) = postSolution
		SolutionGuid = {322E822D-7CA2-4EBF-BC51-CA8E56EF0A4F}
	EndGlobalSection
EndGlobal
